<?xml version="1.0" encoding="UTF-8" standalone="yes" ?>
<CodeBlocks_project_file>
	<FileVersion major="1" minor="6" />
	<Project>
		<Option title="elevator" />
		<Option pch_mode="2" />
		<Option compiler="gcc" />
		<Build>
			<Target title="Release">
				<Option output="bin/Release/elevator" prefix_auto="1" extension_auto="1" />
				<Option object_output="obj/Release/" />
				<Option type="1" />
				<Option compiler="gcc" />
				<Compiler>
					<Add option="-O2" />
				</Compiler>
				<Linker>
					<Add option="-s" />
				</Linker>
			</Target>
		</Build>
		<Compiler>
			<Add option="-Wall" />
			<Add option="-fexceptions" />
		</Compiler>
		<Unit filename="src/button.cpp" />
		<Unit filename="src/button.h" />
		<Unit filename="src/clock.cpp" />
		<Unit filename="src/clock.h" />
		<Unit filename="src/elevator.cpp" />
		<Unit filename="src/elevator.h" />
		<Unit filename="src/floor.cpp" />
		<Unit filename="src/floor.h" />
		<Unit filename="src/main.cpp" />
		<Unit filename="src/passanger.cpp" />
		<Unit filename="src/passanger.h" />
		<Unit filename="src/planner.cpp" />
		<Unit filename="src/planner.h" />
		<Unit filename="src/test.cpp" />
		<Unit filename="src/test.h" />
		<Extensions>
			<code_completion />
			<debugger />
		</Extensions>
	</Project>
</CodeBlocks_project_file>
